
Microsoft Visual Studio Solution File, Format Version 12.00
# Visual Studio 15
VisualStudioVersion = 15.0.26730.3
MinimumVisualStudioVersion = 10.0.40219.1
Project("{FAE04EC0-301F-11D3-BF4B-00C04F79EFBC}") = "RedButton_Tablet.Android", "RedButton-Tablet\RedButton_Tablet.Android\RedButton_Tablet.Android.csproj", "{9AC50B50-D26A-4DCE-90E6-F8B462FC149F}"
EndProject
Project("{FAE04EC0-301F-11D3-BF4B-00C04F79EFBC}") = "RedButton_Tablet", "RedButton-Tablet\RedButton_Tablet\RedButton_Tablet.csproj", "{92053CD6-9A1F-41A2-85C0-E7905FBE623D}"
EndProject
Project("{FAE04EC0-301F-11D3-BF4B-00C04F79EFBC}") = "RedButton_Tablet.UWP", "RedButton-Tablet\RedButton_Tablet.UWP\RedButton_Tablet.UWP.csproj", "{AF3019C7-6AD2-48DA-8E22-3C1C79365AAA}"
EndProject
Project("{FAE04EC0-301F-11D3-BF4B-00C04F79EFBC}") = "RedButton_Tablet.iOS", "RedButton-Tablet\RedButton_Tablet.iOS\RedButton_Tablet.iOS.csproj", "{2E676F63-2005-4F6A-A338-0BC0911CAF50}"
EndProject
Global
	GlobalSection(SolutionConfigurationPlatforms) = preSolution
		Ad-Hoc|Any CPU = Ad-Hoc|Any CPU
		Ad-Hoc|ARM = Ad-Hoc|ARM
		Ad-Hoc|iPhone = Ad-Hoc|iPhone
		Ad-Hoc|iPhoneSimulator = Ad-Hoc|iPhoneSimulator
		Ad-Hoc|x64 = Ad-Hoc|x64
		Ad-Hoc|x86 = Ad-Hoc|x86
		AppStore|Any CPU = AppStore|Any CPU
		AppStore|ARM = AppStore|ARM
		AppStore|iPhone = AppStore|iPhone
		AppStore|iPhoneSimulator = AppStore|iPhoneSimulator
		AppStore|x64 = AppStore|x64
		AppStore|x86 = AppStore|x86
		Debug|Any CPU = Debug|Any CPU
		Debug|ARM = Debug|ARM
		Debug|iPhone = Debug|iPhone
		Debug|iPhoneSimulator = Debug|iPhoneSimulator
		Debug|x64 = Debug|x64
		Debug|x86 = Debug|x86
		Release|Any CPU = Release|Any CPU
		Release|ARM = Release|ARM
		Release|iPhone = Release|iPhone
		Release|iPhoneSimulator = Release|iPhoneSimulator
		Release|x64 = Release|x64
		Release|x86 = Release|x86
	EndGlobalSection
	GlobalSection(ProjectConfigurationPlatforms) = postSolution
		{9AC50B50-D26A-4DCE-90E6-F8B462FC149F}.Ad-Hoc|Any CPU.ActiveCfg = Release|Any CPU
		{9AC50B50-D26A-4DCE-90E6-F8B462FC149F}.Ad-Hoc|Any CPU.Build.0 = Release|Any CPU
		{9AC50B50-D26A-4DCE-90E6-F8B462FC149F}.Ad-Hoc|Any CPU.Deploy.0 = Release|Any CPU
		{9AC50B50-D26A-4DCE-90E6-F8B462FC149F}.Ad-Hoc|ARM.ActiveCfg = Release|Any CPU
		{9AC50B50-D26A-4DCE-90E6-F8B462FC149F}.Ad-Hoc|ARM.Build.0 = Release|Any CPU
		{9AC50B50-D26A-4DCE-90E6-F8B462FC149F}.Ad-Hoc|ARM.Deploy.0 = Release|Any CPU
		{9AC50B50-D26A-4DCE-90E6-F8B462FC149F}.Ad-Hoc|iPhone.ActiveCfg = Release|Any CPU
		{9AC50B50-D26A-4DCE-90E6-F8B462FC149F}.Ad-Hoc|iPhone.Build.0 = Release|Any CPU
		{9AC50B50-D26A-4DCE-90E6-F8B462FC149F}.Ad-Hoc|iPhone.Deploy.0 = Release|Any CPU
		{9AC50B50-D26A-4DCE-90E6-F8B462FC149F}.Ad-Hoc|iPhoneSimulator.ActiveCfg = Release|Any CPU
		{9AC50B50-D26A-4DCE-90E6-F8B462FC149F}.Ad-Hoc|iPhoneSimulator.Build.0 = Release|Any CPU
		{9AC50B50-D26A-4DCE-90E6-F8B462FC149F}.Ad-Hoc|iPhoneSimulator.Deploy.0 = Release|Any CPU
		{9AC50B50-D26A-4DCE-90E6-F8B462FC149F}.Ad-Hoc|x64.ActiveCfg = Release|Any CPU
		{9AC50B50-D26A-4DCE-90E6-F8B462FC149F}.Ad-Hoc|x64.Build.0 = Release|Any CPU
		{9AC50B50-D26A-4DCE-90E6-F8B462FC149F}.Ad-Hoc|x64.Deploy.0 = Release|Any CPU
		{9AC50B50-D26A-4DCE-90E6-F8B462FC149F}.Ad-Hoc|x86.ActiveCfg = Release|Any CPU
		{9AC50B50-D26A-4DCE-90E6-F8B462FC149F}.Ad-Hoc|x86.Build.0 = Release|Any CPU
		{9AC50B50-D26A-4DCE-90E6-F8B462FC149F}.Ad-Hoc|x86.Deploy.0 = Release|Any CPU
		{9AC50B50-D26A-4DCE-90E6-F8B462FC149F}.AppStore|Any CPU.ActiveCfg = Release|Any CPU
		{9AC50B50-D26A-4DCE-90E6-F8B462FC149F}.AppStore|Any CPU.Build.0 = Release|Any CPU
		{9AC50B50-D26A-4DCE-90E6-F8B462FC149F}.AppStore|Any CPU.Deploy.0 = Release|Any CPU
		{9AC50B50-D26A-4DCE-90E6-F8B462FC149F}.AppStore|ARM.ActiveCfg = Release|Any CPU
		{9AC50B50-D26A-4DCE-90E6-F8B462FC149F}.AppStore|ARM.Build.0 = Release|Any CPU
		{9AC50B50-D26A-4DCE-90E6-F8B462FC149F}.AppStore|ARM.Deploy.0 = Release|Any CPU
		{9AC50B50-D26A-4DCE-90E6-F8B462FC149F}.AppStore|iPhone.ActiveCfg = Release|Any CPU
		{9AC50B50-D26A-4DCE-90E6-F8B462FC149F}.AppStore|iPhone.Build.0 = Release|Any CPU
		{9AC50B50-D26A-4DCE-90E6-F8B462FC149F}.AppStore|iPhone.Deploy.0 = Release|Any CPU
		{9AC50B50-D26A-4DCE-90E6-F8B462FC149F}.AppStore|iPhoneSimulator.ActiveCfg = Release|Any CPU
		{9AC50B50-D26A-4DCE-90E6-F8B462FC149F}.AppStore|iPhoneSimulator.Build.0 = Release|Any CPU
		{9AC50B50-D26A-4DCE-90E6-F8B462FC149F}.AppStore|iPhoneSimulator.Deploy.0 = Release|Any CPU
		{9AC50B50-D26A-4DCE-90E6-F8B462FC149F}.AppStore|x64.ActiveCfg = Release|Any CPU
		{9AC50B50-D26A-4DCE-90E6-F8B462FC149F}.AppStore|x64.Build.0 = Release|Any CPU
		{9AC50B50-D26A-4DCE-90E6-F8B462FC149F}.AppStore|x64.Deploy.0 = Release|Any CPU
		{9AC50B50-D26A-4DCE-90E6-F8B462FC149F}.AppStore|x86.ActiveCfg = Release|Any CPU
		{9AC50B50-D26A-4DCE-90E6-F8B462FC149F}.AppStore|x86.Build.0 = Release|Any CPU
		{9AC50B50-D26A-4DCE-90E6-F8B462FC149F}.AppStore|x86.Deploy.0 = Release|Any CPU
		{9AC50B50-D26A-4DCE-90E6-F8B462FC149F}.Debug|Any CPU.ActiveCfg = Debug|Any CPU
		{9AC50B50-D26A-4DCE-90E6-F8B462FC149F}.Debug|Any CPU.Build.0 = Debug|Any CPU
		{9AC50B50-D26A-4DCE-90E6-F8B462FC149F}.Debug|Any CPU.Deploy.0 = Debug|Any CPU
		{9AC50B50-D26A-4DCE-90E6-F8B462FC149F}.Debug|ARM.ActiveCfg = Debug|Any CPU
		{9AC50B50-D26A-4DCE-90E6-F8B462FC149F}.Debug|ARM.Build.0 = Debug|Any CPU
		{9AC50B50-D26A-4DCE-90E6-F8B462FC149F}.Debug|ARM.Deploy.0 = Debug|Any CPU
		{9AC50B50-D26A-4DCE-90E6-F8B462FC149F}.Debug|iPhone.ActiveCfg = Debug|Any CPU
		{9AC50B50-D26A-4DCE-90E6-F8B462FC149F}.Debug|iPhone.Build.0 = Debug|Any CPU
		{9AC50B50-D26A-4DCE-90E6-F8B462FC149F}.Debug|iPhone.Deploy.0 = Debug|Any CPU
		{9AC50B50-D26A-4DCE-90E6-F8B462FC149F}.Debug|iPhoneSimulator.ActiveCfg = Debug|Any CPU
		{9AC50B50-D26A-4DCE-90E6-F8B462FC149F}.Debug|iPhoneSimulator.Build.0 = Debug|Any CPU
		{9AC50B50-D26A-4DCE-90E6-F8B462FC149F}.Debug|iPhoneSimulator.Deploy.0 = Debug|Any CPU
		{9AC50B50-D26A-4DCE-90E6-F8B462FC149F}.Debug|x64.ActiveCfg = Debug|Any CPU
		{9AC50B50-D26A-4DCE-90E6-F8B462FC149F}.Debug|x64.Build.0 = Debug|Any CPU
		{9AC50B50-D26A-4DCE-90E6-F8B462FC149F}.Debug|x64.Deploy.0 = Debug|Any CPU
		{9AC50B50-D26A-4DCE-90E6-F8B462FC149F}.Debug|x86.ActiveCfg = Debug|Any CPU
		{9AC50B50-D26A-4DCE-90E6-F8B462FC149F}.Debug|x86.Build.0 = Debug|Any CPU
		{9AC50B50-D26A-4DCE-90E6-F8B462FC149F}.Debug|x86.Deploy.0 = Debug|Any CPU
		{9AC50B50-D26A-4DCE-90E6-F8B462FC149F}.Release|Any CPU.ActiveCfg = Release|Any CPU
		{9AC50B50-D26A-4DCE-90E6-F8B462FC149F}.Release|Any CPU.Build.0 = Release|Any CPU
		{9AC50B50-D26A-4DCE-90E6-F8B462FC149F}.Release|Any CPU.Deploy.0 = Release|Any CPU
		{9AC50B50-D26A-4DCE-90E6-F8B462FC149F}.Release|ARM.ActiveCfg = Release|Any CPU
		{9AC50B50-D26A-4DCE-90E6-F8B462FC149F}.Release|ARM.Build.0 = Release|Any CPU
		{9AC50B50-D26A-4DCE-90E6-F8B462FC149F}.Release|ARM.Deploy.0 = Release|Any CPU
		{9AC50B50-D26A-4DCE-90E6-F8B462FC149F}.Release|iPhone.ActiveCfg = Release|Any CPU
		{9AC50B50-D26A-4DCE-90E6-F8B462FC149F}.Release|iPhone.Build.0 = Release|Any CPU
		{9AC50B50-D26A-4DCE-90E6-F8B462FC149F}.Release|iPhone.Deploy.0 = Release|Any CPU
		{9AC50B50-D26A-4DCE-90E6-F8B462FC149F}.Release|iPhoneSimulator.ActiveCfg = Release|Any CPU
		{9AC50B50-D26A-4DCE-90E6-F8B462FC149F}.Release|iPhoneSimulator.Build.0 = Release|Any CPU
		{9AC50B50-D26A-4DCE-90E6-F8B462FC149F}.Release|iPhoneSimulator.Deploy.0 = Release|Any CPU
		{9AC50B50-D26A-4DCE-90E6-F8B462FC149F}.Release|x64.ActiveCfg = Release|Any CPU
		{9AC50B50-D26A-4DCE-90E6-F8B462FC149F}.Release|x64.Build.0 = Release|Any CPU
		{9AC50B50-D26A-4DCE-90E6-F8B462FC149F}.Release|x64.Deploy.0 = Release|Any CPU
		{9AC50B50-D26A-4DCE-90E6-F8B462FC149F}.Release|x86.ActiveCfg = Release|Any CPU
		{9AC50B50-D26A-4DCE-90E6-F8B462FC149F}.Release|x86.Build.0 = Release|Any CPU
		{9AC50B50-D26A-4DCE-90E6-F8B462FC149F}.Release|x86.Deploy.0 = Release|Any CPU
		{92053CD6-9A1F-41A2-85C0-E7905FBE623D}.Ad-Hoc|Any CPU.ActiveCfg = Release|Any CPU
		{92053CD6-9A1F-41A2-85C0-E7905FBE623D}.Ad-Hoc|Any CPU.Build.0 = Release|Any CPU
		{92053CD6-9A1F-41A2-85C0-E7905FBE623D}.Ad-Hoc|ARM.ActiveCfg = Release|Any CPU
		{92053CD6-9A1F-41A2-85C0-E7905FBE623D}.Ad-Hoc|ARM.Build.0 = Release|Any CPU
		{92053CD6-9A1F-41A2-85C0-E7905FBE623D}.Ad-Hoc|iPhone.ActiveCfg = Release|Any CPU
		{92053CD6-9A1F-41A2-85C0-E7905FBE623D}.Ad-Hoc|iPhone.Build.0 = Release|Any CPU
		{92053CD6-9A1F-41A2-85C0-E7905FBE623D}.Ad-Hoc|iPhoneSimulator.ActiveCfg = Release|Any CPU
		{92053CD6-9A1F-41A2-85C0-E7905FBE623D}.Ad-Hoc|iPhoneSimulator.Build.0 = Release|Any CPU
		{92053CD6-9A1F-41A2-85C0-E7905FBE623D}.Ad-Hoc|x64.ActiveCfg = Release|Any CPU
		{92053CD6-9A1F-41A2-85C0-E7905FBE623D}.Ad-Hoc|x64.Build.0 = Release|Any CPU
		{92053CD6-9A1F-41A2-85C0-E7905FBE623D}.Ad-Hoc|x86.ActiveCfg = Release|Any CPU
		{92053CD6-9A1F-41A2-85C0-E7905FBE623D}.Ad-Hoc|x86.Build.0 = Release|Any CPU
		{92053CD6-9A1F-41A2-85C0-E7905FBE623D}.AppStore|Any CPU.ActiveCfg = Release|Any CPU
		{92053CD6-9A1F-41A2-85C0-E7905FBE623D}.AppStore|Any CPU.Build.0 = Release|Any CPU
		{92053CD6-9A1F-41A2-85C0-E7905FBE623D}.AppStore|ARM.ActiveCfg = Release|Any CPU
		{92053CD6-9A1F-41A2-85C0-E7905FBE623D}.AppStore|ARM.Build.0 = Release|Any CPU
		{92053CD6-9A1F-41A2-85C0-E7905FBE623D}.AppStore|iPhone.ActiveCfg = Release|Any CPU
		{92053CD6-9A1F-41A2-85C0-E7905FBE623D}.AppStore|iPhone.Build.0 = Release|Any CPU
		{92053CD6-9A1F-41A2-85C0-E7905FBE623D}.AppStore|iPhoneSimulator.ActiveCfg = Release|Any CPU
		{92053CD6-9A1F-41A2-85C0-E7905FBE623D}.AppStore|iPhoneSimulator.Build.0 = Release|Any CPU
		{92053CD6-9A1F-41A2-85C0-E7905FBE623D}.AppStore|x64.ActiveCfg = Release|Any CPU
		{92053CD6-9A1F-41A2-85C0-E7905FBE623D}.AppStore|x64.Build.0 = Release|Any CPU
		{92053CD6-9A1F-41A2-85C0-E7905FBE623D}.AppStore|x86.ActiveCfg = Release|Any CPU
		{92053CD6-9A1F-41A2-85C0-E7905FBE623D}.AppStore|x86.Build.0 = Release|Any CPU
		{92053CD6-9A1F-41A2-85C0-E7905FBE623D}.Debug|Any CPU.ActiveCfg = Debug|Any CPU
		{92053CD6-9A1F-41A2-85C0-E7905FBE623D}.Debug|Any CPU.Build.0 = Debug|Any CPU
		{92053CD6-9A1F-41A2-85C0-E7905FBE623D}.Debug|ARM.ActiveCfg = Debug|Any CPU
		{92053CD6-9A1F-41A2-85C0-E7905FBE623D}.Debug|ARM.Build.0 = Debug|Any CPU
		{92053CD6-9A1F-41A2-85C0-E7905FBE623D}.Debug|iPhone.ActiveCfg = Debug|Any CPU
		{92053CD6-9A1F-41A2-85C0-E7905FBE623D}.Debug|iPhone.Build.0 = Debug|Any CPU
		{92053CD6-9A1F-41A2-85C0-E7905FBE623D}.Debug|iPhoneSimulator.ActiveCfg = Debug|Any CPU
		{92053CD6-9A1F-41A2-85C0-E7905FBE623D}.Debug|iPhoneSimulator.Build.0 = Debug|Any CPU
		{92053CD6-9A1F-41A2-85C0-E7905FBE623D}.Debug|x64.ActiveCfg = Debug|Any CPU
		{92053CD6-9A1F-41A2-85C0-E7905FBE623D}.Debug|x64.Build.0 = Debug|Any CPU
		{92053CD6-9A1F-41A2-85C0-E7905FBE623D}.Debug|x86.ActiveCfg = Debug|Any CPU
		{92053CD6-9A1F-41A2-85C0-E7905FBE623D}.Debug|x86.Build.0 = Debug|Any CPU
		{92053CD6-9A1F-41A2-85C0-E7905FBE623D}.Release|Any CPU.ActiveCfg = Release|Any CPU
		{92053CD6-9A1F-41A2-85C0-E7905FBE623D}.Release|Any CPU.Build.0 = Release|Any CPU
		{92053CD6-9A1F-41A2-85C0-E7905FBE623D}.Release|ARM.ActiveCfg = Release|Any CPU
		{92053CD6-9A1F-41A2-85C0-E7905FBE623D}.Release|ARM.Build.0 = Release|Any CPU
		{92053CD6-9A1F-41A2-85C0-E7905FBE623D}.Release|iPhone.ActiveCfg = Release|Any CPU
		{92053CD6-9A1F-41A2-85C0-E7905FBE623D}.Release|iPhone.Build.0 = Release|Any CPU
		{92053CD6-9A1F-41A2-85C0-E7905FBE623D}.Release|iPhoneSimulator.ActiveCfg = Release|Any CPU
		{92053CD6-9A1F-41A2-85C0-E7905FBE623D}.Release|iPhoneSimulator.Build.0 = Release|Any CPU
		{92053CD6-9A1F-41A2-85C0-E7905FBE623D}.Release|x64.ActiveCfg = Release|Any CPU
		{92053CD6-9A1F-41A2-85C0-E7905FBE623D}.Release|x64.Build.0 = Release|Any CPU
		{92053CD6-9A1F-41A2-85C0-E7905FBE623D}.Release|x86.ActiveCfg = Release|Any CPU
		{92053CD6-9A1F-41A2-85C0-E7905FBE623D}.Release|x86.Build.0 = Release|Any CPU
		{AF3019C7-6AD2-48DA-8E22-3C1C79365AAA}.Ad-Hoc|Any CPU.ActiveCfg = Release|x86
		{AF3019C7-6AD2-48DA-8E22-3C1C79365AAA}.Ad-Hoc|Any CPU.Build.0 = Release|x86
		{AF3019C7-6AD2-48DA-8E22-3C1C79365AAA}.Ad-Hoc|Any CPU.Deploy.0 = Release|x86
		{AF3019C7-6AD2-48DA-8E22-3C1C79365AAA}.Ad-Hoc|ARM.ActiveCfg = Release|ARM
		{AF3019C7-6AD2-48DA-8E22-3C1C79365AAA}.Ad-Hoc|ARM.Build.0 = Release|ARM
		{AF3019C7-6AD2-48DA-8E22-3C1C79365AAA}.Ad-Hoc|ARM.Deploy.0 = Release|ARM
		{AF3019C7-6AD2-48DA-8E22-3C1C79365AAA}.Ad-Hoc|iPhone.ActiveCfg = Release|x86
		{AF3019C7-6AD2-48DA-8E22-3C1C79365AAA}.Ad-Hoc|iPhone.Build.0 = Release|x86
		{AF3019C7-6AD2-48DA-8E22-3C1C79365AAA}.Ad-Hoc|iPhone.Deploy.0 = Release|x86
		{AF3019C7-6AD2-48DA-8E22-3C1C79365AAA}.Ad-Hoc|iPhoneSimulator.ActiveCfg = Release|x86
		{AF3019C7-6AD2-48DA-8E22-3C1C79365AAA}.Ad-Hoc|iPhoneSimulator.Build.0 = Release|x86
		{AF3019C7-6AD2-48DA-8E22-3C1C79365AAA}.Ad-Hoc|iPhoneSimulator.Deploy.0 = Release|x86
		{AF3019C7-6AD2-48DA-8E22-3C1C79365AAA}.Ad-Hoc|x64.ActiveCfg = Release|x64
		{AF3019C7-6AD2-48DA-8E22-3C1C79365AAA}.Ad-Hoc|x64.Build.0 = Release|x64
		{AF3019C7-6AD2-48DA-8E22-3C1C79365AAA}.Ad-Hoc|x64.Deploy.0 = Release|x64
		{AF3019C7-6AD2-48DA-8E22-3C1C79365AAA}.Ad-Hoc|x86.ActiveCfg = Release|x86
		{AF3019C7-6AD2-48DA-8E22-3C1C79365AAA}.Ad-Hoc|x86.Build.0 = Release|x86
		{AF3019C7-6AD2-48DA-8E22-3C1C79365AAA}.Ad-Hoc|x86.Deploy.0 = Release|x86
		{AF3019C7-6AD2-48DA-8E22-3C1C79365AAA}.AppStore|Any CPU.ActiveCfg = Release|x86
		{AF3019C7-6AD2-48DA-8E22-3C1C79365AAA}.AppStore|Any CPU.Build.0 = Release|x86
		{AF3019C7-6AD2-48DA-8E22-3C1C79365AAA}.AppStore|Any CPU.Deploy.0 = Release|x86
		{AF3019C7-6AD2-48DA-8E22-3C1C79365AAA}.AppStore|ARM.ActiveCfg = Release|ARM
		{AF3019C7-6AD2-48DA-8E22-3C1C79365AAA}.AppStore|ARM.Build.0 = Release|ARM
		{AF3019C7-6AD2-48DA-8E22-3C1C79365AAA}.AppStore|ARM.Deploy.0 = Release|ARM
		{AF3019C7-6AD2-48DA-8E22-3C1C79365AAA}.AppStore|iPhone.ActiveCfg = Release|x86
		{AF3019C7-6AD2-48DA-8E22-3C1C79365AAA}.AppStore|iPhone.Build.0 = Release|x86
		{AF3019C7-6AD2-48DA-8E22-3C1C79365AAA}.AppStore|iPhone.Deploy.0 = Release|x86
		{AF3019C7-6AD2-48DA-8E22-3C1C79365AAA}.AppStore|iPhoneSimulator.ActiveCfg = Release|x86
		{AF3019C7-6AD2-48DA-8E22-3C1C79365AAA}.AppStore|iPhoneSimulator.Build.0 = Release|x86
		{AF3019C7-6AD2-48DA-8E22-3C1C79365AAA}.AppStore|iPhoneSimulator.Deploy.0 = Release|x86
		{AF3019C7-6AD2-48DA-8E22-3C1C79365AAA}.AppStore|x64.ActiveCfg = Release|x64
		{AF3019C7-6AD2-48DA-8E22-3C1C79365AAA}.AppStore|x64.Build.0 = Release|x64
		{AF3019C7-6AD2-48DA-8E22-3C1C79365AAA}.AppStore|x64.Deploy.0 = Release|x64
		{AF3019C7-6AD2-48DA-8E22-3C1C79365AAA}.AppStore|x86.ActiveCfg = Release|x86
		{AF3019C7-6AD2-48DA-8E22-3C1C79365AAA}.AppStore|x86.Build.0 = Release|x86
		{AF3019C7-6AD2-48DA-8E22-3C1C79365AAA}.AppStore|x86.Deploy.0 = Release|x86
		{AF3019C7-6AD2-48DA-8E22-3C1C79365AAA}.Debug|Any CPU.ActiveCfg = Debug|x86
		{AF3019C7-6AD2-48DA-8E22-3C1C79365AAA}.Debug|ARM.ActiveCfg = Debug|ARM
		{AF3019C7-6AD2-48DA-8E22-3C1C79365AAA}.Debug|ARM.Build.0 = Debug|ARM
		{AF3019C7-6AD2-48DA-8E22-3C1C79365AAA}.Debug|ARM.Deploy.0 = Debug|ARM
		{AF3019C7-6AD2-48DA-8E22-3C1C79365AAA}.Debug|iPhone.ActiveCfg = Debug|x86
		{AF3019C7-6AD2-48DA-8E22-3C1C79365AAA}.Debug|iPhoneSimulator.ActiveCfg = Debug|x86
		{AF3019C7-6AD2-48DA-8E22-3C1C79365AAA}.Debug|x64.ActiveCfg = Debug|x64
		{AF3019C7-6AD2-48DA-8E22-3C1C79365AAA}.Debug|x64.Build.0 = Debug|x64
		{AF3019C7-6AD2-48DA-8E22-3C1C79365AAA}.Debug|x64.Deploy.0 = Debug|x64
		{AF3019C7-6AD2-48DA-8E22-3C1C79365AAA}.Debug|x86.ActiveCfg = Debug|x86
		{AF3019C7-6AD2-48DA-8E22-3C1C79365AAA}.Debug|x86.Build.0 = Debug|x86
		{AF3019C7-6AD2-48DA-8E22-3C1C79365AAA}.Debug|x86.Deploy.0 = Debug|x86
		{AF3019C7-6AD2-48DA-8E22-3C1C79365AAA}.Release|Any CPU.ActiveCfg = Release|x86
		{AF3019C7-6AD2-48DA-8E22-3C1C79365AAA}.Release|ARM.ActiveCfg = Release|ARM
		{AF3019C7-6AD2-48DA-8E22-3C1C79365AAA}.Release|ARM.Build.0 = Release|ARM
		{AF3019C7-6AD2-48DA-8E22-3C1C79365AAA}.Release|ARM.Deploy.0 = Release|ARM
		{AF3019C7-6AD2-48DA-8E22-3C1C79365AAA}.Release|iPhone.ActiveCfg = Release|x86
		{AF3019C7-6AD2-48DA-8E22-3C1C79365AAA}.Release|iPhoneSimulator.ActiveCfg = Release|x86
		{AF3019C7-6AD2-48DA-8E22-3C1C79365AAA}.Release|x64.ActiveCfg = Release|x64
		{AF3019C7-6AD2-48DA-8E22-3C1C79365AAA}.Release|x64.Build.0 = Release|x64
		{AF3019C7-6AD2-48DA-8E22-3C1C79365AAA}.Release|x64.Deploy.0 = Release|x64
		{AF3019C7-6AD2-48DA-8E22-3C1C79365AAA}.Release|x86.ActiveCfg = Release|x86
		{AF3019C7-6AD2-48DA-8E22-3C1C79365AAA}.Release|x86.Build.0 = Release|x86
		{AF3019C7-6AD2-48DA-8E22-3C1C79365AAA}.Release|x86.Deploy.0 = Release|x86
		{2E676F63-2005-4F6A-A338-0BC0911CAF50}.Ad-Hoc|Any CPU.ActiveCfg = Ad-Hoc|iPhone
		{2E676F63-2005-4F6A-A338-0BC0911CAF50}.Ad-Hoc|ARM.ActiveCfg = Ad-Hoc|iPhone
		{2E676F63-2005-4F6A-A338-0BC0911CAF50}.Ad-Hoc|iPhone.ActiveCfg = Ad-Hoc|iPhone
		{2E676F63-2005-4F6A-A338-0BC0911CAF50}.Ad-Hoc|iPhone.Build.0 = Ad-Hoc|iPhone
		{2E676F63-2005-4F6A-A338-0BC0911CAF50}.Ad-Hoc|iPhoneSimulator.ActiveCfg = Ad-Hoc|iPhoneSimulator
		{2E676F63-2005-4F6A-A338-0BC0911CAF50}.Ad-Hoc|iPhoneSimulator.Build.0 = Ad-Hoc|iPhoneSimulator
		{2E676F63-2005-4F6A-A338-0BC0911CAF50}.Ad-Hoc|x64.ActiveCfg = Ad-Hoc|iPhone
		{2E676F63-2005-4F6A-A338-0BC0911CAF50}.Ad-Hoc|x86.ActiveCfg = Ad-Hoc|iPhone
		{2E676F63-2005-4F6A-A338-0BC0911CAF50}.AppStore|Any CPU.ActiveCfg = AppStore|iPhone
		{2E676F63-2005-4F6A-A338-0BC0911CAF50}.AppStore|ARM.ActiveCfg = AppStore|iPhone
		{2E676F63-2005-4F6A-A338-0BC0911CAF50}.AppStore|iPhone.ActiveCfg = AppStore|iPhone
		{2E676F63-2005-4F6A-A338-0BC0911CAF50}.AppStore|iPhone.Build.0 = AppStore|iPhone
		{2E676F63-2005-4F6A-A338-0BC0911CAF50}.AppStore|iPhoneSimulator.ActiveCfg = AppStore|iPhoneSimulator
		{2E676F63-2005-4F6A-A338-0BC0911CAF50}.AppStore|iPhoneSimulator.Build.0 = AppStore|iPhoneSimulator
		{2E676F63-2005-4F6A-A338-0BC0911CAF50}.AppStore|x64.ActiveCfg = AppStore|iPhone
		{2E676F63-2005-4F6A-A338-0BC0911CAF50}.AppStore|x86.ActiveCfg = AppStore|iPhone
		{2E676F63-2005-4F6A-A338-0BC0911CAF50}.Debug|Any CPU.ActiveCfg = Debug|iPhone
		{2E676F63-2005-4F6A-A338-0BC0911CAF50}.Debug|ARM.ActiveCfg = Debug|iPhone
		{2E676F63-2005-4F6A-A338-0BC0911CAF50}.Debug|iPhone.ActiveCfg = Debug|iPhone
		{2E676F63-2005-4F6A-A338-0BC0911CAF50}.Debug|iPhone.Build.0 = Debug|iPhone
		{2E676F63-2005-4F6A-A338-0BC0911CAF50}.Debug|iPhoneSimulator.ActiveCfg = Debug|iPhoneSimulator
		{2E676F63-2005-4F6A-A338-0BC0911CAF50}.Debug|iPhoneSimulator.Build.0 = Debug|iPhoneSimulator
		{2E676F63-2005-4F6A-A338-0BC0911CAF50}.Debug|x64.ActiveCfg = Debug|iPhone
		{2E676F63-2005-4F6A-A338-0BC0911CAF50}.Debug|x86.ActiveCfg = Debug|iPhone
		{2E676F63-2005-4F6A-A338-0BC0911CAF50}.Release|Any CPU.ActiveCfg = Release|iPhone
		{2E676F63-2005-4F6A-A338-0BC0911CAF50}.Release|ARM.ActiveCfg = Release|iPhone
		{2E676F63-2005-4F6A-A338-0BC0911CAF50}.Release|iPhone.ActiveCfg = Release|iPhone
		{2E676F63-2005-4F6A-A338-0BC0911CAF50}.Release|iPhone.Build.0 = Release|iPhone
		{2E676F63-2005-4F6A-A338-0BC0911CAF50}.Release|iPhoneSimulator.ActiveCfg = Release|iPhoneSimulator
		{2E676F63-2005-4F6A-A338-0BC0911CAF50}.Release|iPhoneSimulator.Build.0 = Release|iPhoneSimulator
		{2E676F63-2005-4F6A-A338-0BC0911CAF50}.Release|x64.ActiveCfg = Release|iPhone
		{2E676F63-2005-4F6A-A338-0BC0911CAF50}.Release|x86.ActiveCfg = Release|iPhone
	EndGlobalSection
	GlobalSection(SolutionProperties) = preSolution
		HideSolutionNode = FALSE
	EndGlobalSection
	GlobalSection(ExtensibilityGlobals) = postSolution
		SolutionGuid = {4327D40D-5D43-4680-9B2B-03496E95308B}
	EndGlobalSection
EndGlobal
